// !$*UTF8*$!
{
	archiveVersion = 1;
	classes = {
	};
	objectVersion = 50;
	objects = {

/* Begin PBXBuildFile section */
		ED60F1412600515B00D135F1 /* AppDelegate.swift in Sources */ = {isa = PBXBuildFile; fileRef = ED60F1402600515B00D135F1 /* AppDelegate.swift */; };
		ED60F1432600515B00D135F1 /* SceneDelegate.swift in Sources */ = {isa = PBXBuildFile; fileRef = ED60F1422600515B00D135F1 /* SceneDelegate.swift */; };
		ED60F14A2600515C00D135F1 /* Assets.xcassets in Resources */ = {isa = PBXBuildFile; fileRef = ED60F1492600515C00D135F1 /* Assets.xcassets */; };
		ED60F14D2600515C00D135F1 /* LaunchScreen.storyboard in Resources */ = {isa = PBXBuildFile; fileRef = ED60F14B2600515C00D135F1 /* LaunchScreen.storyboard */; };
		ED60F15B2600519C00D135F1 /* ViewController.swift in Sources */ = {isa = PBXBuildFile; fileRef = ED60F1572600519C00D135F1 /* ViewController.swift */; };
		ED60F15C2600519C00D135F1 /* Class.swift in Sources */ = {isa = PBXBuildFile; fileRef = ED60F1582600519C00D135F1 /* Class.swift */; };
		ED60F15D2600519C00D135F1 /* CategoryCollectionViewCell.swift in Sources */ = {isa = PBXBuildFile; fileRef = ED60F1592600519C00D135F1 /* CategoryCollectionViewCell.swift */; };
		ED60F15E2600519C00D135F1 /* CountyTableViewCell.swift in Sources */ = {isa = PBXBuildFile; fileRef = ED60F15A2600519C00D135F1 /* CountyTableViewCell.swift */; };
		ED60F161260051A500D135F1 /* Main.storyboard in Resources */ = {isa = PBXBuildFile; fileRef = ED60F160260051A500D135F1 /* Main.storyboard */; };
/* End PBXBuildFile section */

/* Begin PBXFileReference section */
		ED60F13D2600515B00D135F1 /* FilterCategory.app */ = {isa = PBXFileReference; explicitFileType = wrapper.application; includeInIndex = 0; path = FilterCategory.app; sourceTree = BUILT_PRODUCTS_DIR; };
		ED60F1402600515B00D135F1 /* AppDelegate.swift */ = {isa = PBXFileReference; lastKnownFileType = sourcecode.swift; path = AppDelegate.swift; sourceTree = "<group>"; };
		ED60F1422600515B00D135F1 /* SceneDelegate.swift */ = {isa = PBXFileReference; lastKnownFileType = sourcecode.swift; path = SceneDelegate.swift; sourceTree = "<group>"; };
		ED60F1492600515C00D135F1 /* Assets.xcassets */ = {isa = PBXFileReference; lastKnownFileType = folder.assetcatalog; path = Assets.xcassets; sourceTree = "<group>"; };
		ED60F14C2600515C00D135F1 /* Base */ = {isa = PBXFileReference; lastKnownFileType = file.storyboard; name = Base; path = Base.lproj/LaunchScreen.storyboard; sourceTree = "<group>"; };
		ED60F14E2600515C00D135F1 /* Info.plist */ = {isa = PBXFileReference; lastKnownFileType = text.plist.xml; path = Info.plist; sourceTree = "<group>"; };
		ED60F1572600519C00D135F1 /* ViewController.swift */ = {isa = PBXFileReference; fileEncoding = 4; lastKnownFileType = sourcecode.swift; path = ViewController.swift; sourceTree = "<group>"; };
		ED60F1582600519C00D135F1 /* Class.swift */ = {isa = PBXFileReference; fileEncoding = 4; lastKnownFileType = sourcecode.swift; path = Class.swift; sourceTree = "<group>"; };
		ED60F1592600519C00D135F1 /* CategoryCollectionViewCell.swift */ = {isa = PBXFileReference; fileEncoding = 4; lastKnownFileType = sourcecode.swift; path = CategoryCollectionViewCell.swift; sourceTree = "<group>"; };
		ED60F15A2600519C00D135F1 /* CountyTableViewCell.swift */ = {isa = PBXFileReference; fileEncoding = 4; lastKnownFileType = sourcecode.swift; path = CountyTableViewCell.swift; sourceTree = "<group>"; };
		ED60F160260051A500D135F1 /* Main.storyboard */ = {isa = PBXFileReference; fileEncoding = 4; lastKnownFileType = file.storyboard; path = Main.storyboard; sourceTree = "<group>"; };
/* End PBXFileReference section */

/* Begin PBXFrameworksBuildPhase section */
		ED60F13A2600515B00D135F1 /* Frameworks */ = {
			isa = PBXFrameworksBuildPhase;
			buildActionMask = 2147483647;
			files = (
			);
			runOnlyForDeploymentPostprocessing = 0;
		};
/* End PBXFrameworksBuildPhase section */

/* Begin PBXGroup section */
		ED60F1342600515B00D135F1 = {
			isa = PBXGroup;
			children = (
				ED60F13F2600515B00D135F1 /* FilterCategory */,
				ED60F13E2600515B00D135F1 /* Products */,
			);
			sourceTree = "<group>";
		};
		ED60F13E2600515B00D135F1 /* Products */ = {
			isa = PBXGroup;
			children = (
				ED60F13D2600515B00D135F1 /* FilterCategory.app */,
			);
			name = Products;
			sourceTree = "<group>";
		};
		ED60F13F2600515B00D135F1 /* FilterCategory */ = {
			isa = PBXGroup;
			children = (
				ED60F1592600519C00D135F1 /* CategoryCollectionViewCell.swift */,
				ED60F1582600519C00D135F1 /* Class.swift */,
				ED60F15A2600519C00D135F1 /* CountyTableViewCell.swift */,
				ED60F1572600519C00D135F1 /* ViewController.swift */,
				ED60F1402600515B00D135F1 /* AppDelegate.swift */,
				ED60F1422600515B00D135F1 /* SceneDelegate.swift */,
				ED60F1492600515C00D135F1 /* Assets.xcassets */,
				ED60F14B2600515C00D135F1 /* LaunchScreen.storyboard */,
				ED60F160260051A500D135F1 /* Main.storyboard */,
				ED60F14E2600515C00D135F1 /* Info.plist */,
			);
			path = FilterCategory;
			sourceTree = "<group>";
		};
/* End PBXGroup section */

/* Begin PBXNativeTarget section */
		ED60F13C2600515B00D135F1 /* FilterCategory */ = {
			isa = PBXNativeTarget;
			buildConfigurationList = ED60F1512600515C00D135F1 /* Build configuration list for PBXNativeTarget "FilterCategory" */;
			buildPhases = (
				ED60F1392600515B00D135F1 /* Sources */,
				ED60F13A2600515B00D135F1 /* Frameworks */,
				ED60F13B2600515B00D135F1 /* Resources */,
			);
			buildRules = (
			);
			dependencies = (
			);
			name = FilterCategory;
			productName = FilterCategory;
			productReference = ED60F13D2600515B00D135F1 /* FilterCategory.app */;
			productType = "com.apple.product-type.application";
		};
/* End PBXNativeTarget section */

/* Begin PBXProject section */
		ED60F1352600515B00D135F1 /* Project object */ = {
			isa = PBXProject;
			attributes = {
				LastSwiftUpdateCheck = 1240;
				LastUpgradeCheck = 1240;
				TargetAttributes = {
					ED60F13C2600515B00D135F1 = {
						CreatedOnToolsVersion = 12.4;
					};
				};
			};
			buildConfigurationList = ED60F1382600515B00D135F1 /* Build configuration list for PBXProject "FilterCategory" */;
			compatibilityVersion = "Xcode 9.3";
			developmentRegion = en;
			hasScannedForEncodings = 0;
			knownRegions = (
				en,
				Base,
			);
			mainGroup = ED60F1342600515B00D135F1;
			productRefGroup = ED60F13E2600515B00D135F1 /* Products */;
			projectDirPath = "";
			projectRoot = "";
			targets = (
				ED60F13C2600515B00D135F1 /* FilterCategory */,
			);
		};
/* End PBXProject section */

/* Begin PBXResourcesBuildPhase section */
		ED60F13B2600515B00D135F1 /* Resources */ = {
			isa = PBXResourcesBuildPhase;
			buildActionMask = 2147483647;
			files = (
				ED60F161260051A500D135F1 /* Main.storyboard in Resources */,
				ED60F14D2600515C00D135F1 /* LaunchScreen.storyboard in Resources */,
				ED60F14A2600515C00D135F1 /* Assets.xcassets in Resources */,
			);
			runOnlyForDeploymentPostprocessing = 0;
		};
/* End PBXResourcesBuildPhase section */

/* Begin PBXSourcesBuildPhase section */
		ED60F1392600515B00D135F1 /* Sources */ = {
			isa = PBXSourcesBuildPhase;
			buildActionMask = 2147483647;
			files = (
				ED60F15C2600519C00D135F1 /* Class.swift in Sources */,
				ED60F15D2600519C00D135F1 /* CategoryCollectionViewCell.swift in Sources */,
				ED60F15B2600519C00D135F1 /* ViewController.swift in Sources */,
				ED60F1412600515B00D135F1 /* AppDelegate.swift in Sources */,
				ED60F1432600515B00D135F1 /* SceneDelegate.swift in Sources */,
				ED60F15E2600519C00D135F1 /* CountyTableViewCell.swift in Sources */,
			);
			runOnlyForDeploymentPostprocessing = 0;
		};
/* End PBXSourcesBuildPhase section */

/* Begin PBXVariantGroup section */
		ED60F14B2600515C00D135F1 /* LaunchScreen.storyboard */ = {
			isa = PBXVariantGroup;
			children = (
				ED60F14C2600515C00D135F1 /* Base */,
			);
			name = LaunchScreen.storyboard;
			sourceTree = "<group>";
		};
/* End PBXVariantGroup section */

/* Begin XCBuildConfiguration section */
		ED60F14F2600515C00D135F1 /* Debug */ = {
			isa = XCBuildConfiguration;
			buildSettings = {
				ALWAYS_SEARCH_USER_PATHS = NO;
				CLANG_ANALYZER_NONNULL = YES;
				CLANG_ANALYZER_NUMBER_OBJECT_CONVERSION = YES_AGGRESSIVE;
				CLANG_CXX_LANGUAGE_STANDARD = "gnu++14";
				CLANG_CXX_LIBRARY = "libc++";
				CLANG_ENABLE_MODULES = YES;
				CLANG_ENABLE_OBJC_ARC = YES;
				CLANG_ENABLE_OBJC_WEAK = YES;
				CLANG_WARN_BLOCK_CAPTURE_AUTORELEASING = YES;
				CLANG_WARN_BOOL_CONVERSION = YES;
				CLANG_WARN_COMMA = YES;
				CLANG_WARN_CONSTANT_CONVERSION = YES;
				CLANG_WARN_DEPRECATED_OBJC_IMPLEMENTATIONS = YES;
				CLANG_WARN_DIRECT_OBJC_ISA_USAGE = YES_ERROR;
				CLANG_WARN_DOCUMENTATION_COMMENTS = YES;
				CLANG_WARN_EMPTY_BODY = YES;
				CLANG_WARN_ENUM_CONVERSION = YES;
				CLANG_WARN_INFINITE_RECURSION = YES;
				CLANG_WARN_INT_CONVERSION = YES;
				CLANG_WARN_NON_LITERAL_NULL_CONVERSION = YES;
				CLANG_WARN_OBJC_IMPLICIT_RETAIN_SELF = YES;
				CLANG_WARN_OBJC_LITERAL_CONVERSION = YES;
				CLANG_WARN_OBJC_ROOT_CLASS = YES_ERROR;
				CLANG_WARN_QUOTED_INCLUDE_IN_FRAMEWORK_HEADER = YES;
				CLANG_WARN_RANGE_LOOP_ANALYSIS = YES;
				CLANG_WARN_STRICT_PROTOTYPES = YES;
				CLANG_WARN_SUSPICIOUS_MOVE = YES;
				CLANG_WARN_UNGUARDED_AVAILABILITY = YES_AGGRESSIVE;
				CLANG_WARN_UNREACHABLE_CODE = YES;
				CLANG_WARN__DUPLICATE_METHOD_MATCH = YES;
				COPY_PHASE_STRIP = NO;
				DEBUG_INFORMATION_FORMAT = dwarf;
				ENABLE_STRICT_OBJC_MSGSEND = YES;
				ENABLE_TESTABILITY = YES;
				GCC_C_LANGUAGE_STANDARD = gnu11;
				GCC_DYNAMIC_NO_PIC = NO;
				GCC_NO_COMMON_BLOCKS = YES;
				GCC_OPTIMIZATION_LEVEL = 0;
				GCC_PREPROCESSOR_DEFINITIONS = (
					"DEBUG=1",
					"$(inherited)",
				);
				GCC_WARN_64_TO_32_BIT_CONVERSION = YES;
				GCC_WARN_ABOUT_RETURN_TYPE = YES_ERROR;
				GCC_WARN_UNDECLARED_SELECTOR = YES;
				GCC_WARN_UNINITIALIZED_AUTOS = YES_AGGRESSIVE;
				GCC_WARN_UNUSED_FUNCTION = YES;
				GCC_WARN_UNUSED_VARIABLE = YES;
				IPHONEOS_DEPLOYMENT_TARGET = 14.4;
				MTL_ENABLE_DEBUG_INFO = INCLUDE_SOURCE;
				MTL_FAST_MATH = YES;
				ONLY_ACTIVE_ARCH = YES;
				SDKROOT = iphoneos;
				SWIFT_ACTIVE_COMPILATION_CONDITIONS = DEBUG;
				SWIFT_OPTIMIZATION_LEVEL = "-Onone";
			};
			name = Debug;
		};
		ED60F1502600515C00D135F1 /* Release */ = {
			isa = XCBuildConfiguration;
			buildSettings = {
				ALWAYS_SEARCH_USER_PATHS = NO;
				CLANG_ANALYZER_NONNULL = YES;
				CLANG_ANALYZER_NUMBER_OBJECT_CONVERSION = YES_AGGRESSIVE;
				CLANG_CXX_LANGUAGE_STANDARD = "gnu++14";
				CLANG_CXX_LIBRARY = "libc++";
				CLANG_ENABLE_MODULES = YES;
				CLANG_ENABLE_OBJC_ARC = YES;
				CLANG_ENABLE_OBJC_WEAK = YES;
				CLANG_WARN_BLOCK_CAPTURE_AUTORELEASING = YES;
				CLANG_WARN_BOOL_CONVERSION = YES;
				CLANG_WARN_COMMA = YES;
				CLANG_WARN_CONSTANT_CONVERSION = YES;
				CLANG_WARN_DEPRECATED_OBJC_IMPLEMENTATIONS = YES;
				CLANG_WARN_DIRECT_OBJC_ISA_USAGE = YES_ERROR;
				CLANG_WARN_DOCUMENTATION_COMMENTS = YES;
				CLANG_WARN_EMPTY_BODY = YES;
				CLANG_WARN_ENUM_CONVERSION = YES;
				CLANG_WARN_INFINITE_RECURSION = YES;
				CLANG_WARN_INT_CONVERSION = YES;
				CLANG_WARN_NON_LITERAL_NULL_CONVERSION = YES;
				CLANG_WARN_OBJC_IMPLICIT_RETAIN_SELF = YES;
				CLANG_WARN_OBJC_LITERAL_CONVERSION = YES;
				CLANG_WARN_OBJC_ROOT_CLASS = YES_ERROR;
				CLANG_WARN_QUOTED_INCLUDE_IN_FRAMEWORK_HEADER = YES;
				CLANG_WARN_RANGE_LOOP_ANALYSIS = YES;
				CLANG_WARN_STRICT_PROTOTYPES = YES;
				CLANG_WARN_SUSPICIOUS_MOVE = YES;
				CLANG_WARN_UNGUARDED_AVAILABILITY = YES_AGGRESSIVE;
				CLANG_WARN_UNREACHABLE_CODE = YES;
				CLANG_WARN__DUPLICATE_METHOD_MATCH = YES;
				COPY_PHASE_STRIP = NO;
				DEBUG_INFORMATION_FORMAT = "dwarf-with-dsym";
				ENABLE_NS_ASSERTIONS = NO;
				ENABLE_STRICT_OBJC_MSGSEND = YES;
				GCC_C_LANGUAGE_STANDARD = gnu11;
				GCC_NO_COMMON_BLOCKS = YES;
				GCC_WARN_64_TO_32_BIT_CONVERSION = YES;
				GCC_WARN_ABOUT_RETURN_TYPE = YES_ERROR;
				GCC_WARN_UNDECLARED_SELECTOR = YES;
				GCC_WARN_UNINITIALIZED_AUTOS = YES_AGGRESSIVE;
				GCC_WARN_UNUSED_FUNCTION = YES;
				GCC_WARN_UNUSED_VARIABLE = YES;
				IPHONEOS_DEPLOYMENT_TARGET = 14.4;
				MTL_ENABLE_DEBUG_INFO = NO;
				MTL_FAST_MATH = YES;
				SDKROOT = iphoneos;
				SWIFT_COMPILATION_MODE = wholemodule;
				SWIFT_OPTIMIZATION_LEVEL = "-O";
				VALIDATE_PRODUCT = YES;
			};
			name = Release;
		};
		ED60F1522600515C00D135F1 /* Debug */ = {
			isa = XCBuildConfiguration;
			buildSettings = {
				ASSETCATALOG_COMPILER_APPICON_NAME = AppIcon;
				ASSETCATALOG_COMPILER_GLOBAL_ACCENT_COLOR_NAME = AccentColor;
				CODE_SIGN_STYLE = Automatic;
				DEVELOPMENT_TEAM = 9HJ5937US4;
				INFOPLIST_FILE = FilterCategory/Info.plist;
				LD_RUNPATH_SEARCH_PATHS = (
					"$(inherited)",
					"@executable_path/Frameworks",
				);
				PRODUCT_BUNDLE_IDENTIFIER = com.yonaios.FilterCategory;
				PRODUCT_NAME = "$(TARGET_NAME)";
				SWIFT_VERSION = 5.0;
				TARGETED_DEVICE_FAMILY = "1,2";
			};
			name = Debug;
		};
		ED60F1532600515C00D135F1 /* Release */ = {
			isa = XCBuildConfiguration;
			buildSettings = {
				ASSETCATALOG_COMPILER_APPICON_NAME = AppIcon;
				ASSETCATALOG_COMPILER_GLOBAL_ACCENT_COLOR_NAME = AccentColor;
				CODE_SIGN_STYLE = Automatic;
				DEVELOPMENT_TEAM = 9HJ5937US4;
				INFOPLIST_FILE = FilterCategory/Info.plist;
				LD_RUNPATH_SEARCH_PATHS = (
					"$(inherited)",
					"@executable_path/Frameworks",
				);
				PRODUCT_BUNDLE_IDENTIFIER = com.yonaios.FilterCategory;
				PRODUCT_NAME = "$(TARGET_NAME)";
				SWIFT_VERSION = 5.0;
				TARGETED_DEVICE_FAMILY = "1,2";
			};
			name = Release;
		};
/* End XCBuildConfiguration section */

/* Begin XCConfigurationList section */
		ED60F1382600515B00D135F1 /* Build configuration list for PBXProject "FilterCategory" */ = {
			isa = XCConfigurationList;
			buildConfigurations = (
				ED60F14F2600515C00D135F1 /* Debug */,
				ED60F1502600515C00D135F1 /* Release */,
			);
			defaultConfigurationIsVisible = 0;
			defaultConfigurationName = Release;
		};
		ED60F1512600515C00D135F1 /* Build configuration list for PBXNativeTarget "FilterCategory" */ = {
			isa = XCConfigurationList;
			buildConfigurations = (
				ED60F1522600515C00D135F1 /* Debug */,
				ED60F1532600515C00D135F1 /* Release */,
			);
			defaultConfigurationIsVisible = 0;
			defaultConfigurationName = Release;
		};
/* End XCConfigurationList section */
	};
	rootObject = ED60F1352600515B00D135F1 /* Project object */;
}
